
Microsoft Visual Studio Solution File, Format Version 12.00
# Visual Studio 15
VisualStudioVersion = 15.0.27130.2010
MinimumVisualStudioVersion = 10.0.40219.1
Project("{FAE04EC0-301F-11D3-BF4B-00C04F79EFBC}") = "HelloWorld", "HelloWorld\HelloWorld.csproj", "{D6615CA8-8842-4D86-85D7-114ADCF06389}"
EndProject
Global
	GlobalSection(SolutionConfigurationPlatforms) = preSolution
		Debug|Any CPU = Debug|Any CPU
		Release|Any CPU = Release|Any CPU
	EndGlobalSection
	GlobalSection(ProjectConfigurationPlatforms) = postSolution
		{D6615CA8-8842-4D86-85D7-114ADCF06389}.Debug|Any CPU.ActiveCfg = Debug|Any CPU
		{D6615CA8-8842-4D86-85D7-114ADCF06389}.Debug|Any CPU.Build.0 = Debug|Any CPU
		{D6615CA8-8842-4D86-85D7-114ADCF06389}.Release|Any CPU.ActiveCfg = Release|Any CPU
		{D6615CA8-8842-4D86-85D7-114ADCF06389}.Release|Any CPU.Build.0 = Release|Any CPU
	EndGlobalSection
	GlobalSection(SolutionProperties) = preSolution
		HideSolutionNode = FALSE
	EndGlobalSection
	GlobalSection(ExtensibilityGlobals) = postSolution
		SolutionGuid = {8E7DCE83-C825-4D02-8452-997526AC48FF}
	EndGlobalSection
EndGlobal
