
Microsoft Visual Studio Solution File, Format Version 12.00
# Visual Studio 15
VisualStudioVersion = 15.0.27130.2010
MinimumVisualStudioVersion = 10.0.40219.1
Project("{FAE04EC0-301F-11D3-BF4B-00C04F79EFBC}") = "WebSocketTest", "WebSocketTest\WebSocketTest.csproj", "{E36DFC4B-1EE8-4AFD-9EB6-B0BD0FA557B6}"
EndProject
Global
	GlobalSection(SolutionConfigurationPlatforms) = preSolution
		Debug|Any CPU = Debug|Any CPU
		Release|Any CPU = Release|Any CPU
	EndGlobalSection
	GlobalSection(ProjectConfigurationPlatforms) = postSolution
		{E36DFC4B-1EE8-4AFD-9EB6-B0BD0FA557B6}.Debug|Any CPU.ActiveCfg = Debug|Any CPU
		{E36DFC4B-1EE8-4AFD-9EB6-B0BD0FA557B6}.Debug|Any CPU.Build.0 = Debug|Any CPU
		{E36DFC4B-1EE8-4AFD-9EB6-B0BD0FA557B6}.Release|Any CPU.ActiveCfg = Release|Any CPU
		{E36DFC4B-1EE8-4AFD-9EB6-B0BD0FA557B6}.Release|Any CPU.Build.0 = Release|Any CPU
	EndGlobalSection
	GlobalSection(SolutionProperties) = preSolution
		HideSolutionNode = FALSE
	EndGlobalSection
	GlobalSection(ExtensibilityGlobals) = postSolution
		SolutionGuid = {5F2DFF26-5601-407E-9265-69F8F552A77F}
	EndGlobalSection
EndGlobal
